// !$*UTF8*$!
{
	archiveVersion = 1;
	classes = {
	};
	objectVersion = 46;
	objects = {

/* Begin PBXBuildFile section */
		5A5B0A0A19FE93DD00080CAF /* main.m in Sources */ = {isa = PBXBuildFile; fileRef = 5A5B0A0919FE93DD00080CAF /* main.m */; };
		5A5B0A0D19FE93DD00080CAF /* AppDelegate.m in Sources */ = {isa = PBXBuildFile; fileRef = 5A5B0A0C19FE93DD00080CAF /* AppDelegate.m */; };
		5A5B0A1019FE93DD00080CAF /* ViewController.m in Sources */ = {isa = PBXBuildFile; fileRef = 5A5B0A0F19FE93DD00080CAF /* ViewController.m */; };
		5A5B0A1319FE93DD00080CAF /* Main.storyboard in Resources */ = {isa = PBXBuildFile; fileRef = 5A5B0A1119FE93DD00080CAF /* Main.storyboard */; };
		5A5B0A1519FE93DD00080CAF /* Images.xcassets in Resources */ = {isa = PBXBuildFile; fileRef = 5A5B0A1419FE93DD00080CAF /* Images.xcassets */; };
		5A5B0A1819FE93DD00080CAF /* LaunchScreen.xib in Resources */ = {isa = PBXBuildFile; fileRef = 5A5B0A1619FE93DD00080CAF /* LaunchScreen.xib */; };
		5A5B0A2419FE93DD00080CAF /* __Tests.m in Sources */ = {isa = PBXBuildFile; fileRef = 5A5B0A2319FE93DD00080CAF /* __Tests.m */; };
		5AD50E5419FFFA69001AFF2B /* ASIAuthenticationDialog.m in Sources */ = {isa = PBXBuildFile; fileRef = 5AD50E0319FFFA69001AFF2B /* ASIAuthenticationDialog.m */; };
		5AD50E5519FFFA69001AFF2B /* ASIDataCompressor.m in Sources */ = {isa = PBXBuildFile; fileRef = 5AD50E0619FFFA69001AFF2B /* ASIDataCompressor.m */; };
		5AD50E5619FFFA69001AFF2B /* ASIDataDecompressor.m in Sources */ = {isa = PBXBuildFile; fileRef = 5AD50E0819FFFA69001AFF2B /* ASIDataDecompressor.m */; };
		5AD50E5719FFFA69001AFF2B /* ASIDownloadCache.m in Sources */ = {isa = PBXBuildFile; fileRef = 5AD50E0A19FFFA69001AFF2B /* ASIDownloadCache.m */; };
		5AD50E5819FFFA69001AFF2B /* ASIFormDataRequest.m in Sources */ = {isa = PBXBuildFile; fileRef = 5AD50E0C19FFFA69001AFF2B /* ASIFormDataRequest.m */; };
		5AD50E5919FFFA69001AFF2B /* ASIHTTPRequest.m in Sources */ = {isa = PBXBuildFile; fileRef = 5AD50E0E19FFFA69001AFF2B /* ASIHTTPRequest.m */; };
		5AD50E5A19FFFA69001AFF2B /* ASIInputStream.m in Sources */ = {isa = PBXBuildFile; fileRef = 5AD50E1219FFFA69001AFF2B /* ASIInputStream.m */; };
		5AD50E5B19FFFA69001AFF2B /* ASINetworkQueue.m in Sources */ = {isa = PBXBuildFile; fileRef = 5AD50E1419FFFA69001AFF2B /* ASINetworkQueue.m */; };
		5AD50E5C19FFFA69001AFF2B /* ASIWebPageRequest.m in Sources */ = {isa = PBXBuildFile; fileRef = 5AD50E1819FFFA69001AFF2B /* ASIWebPageRequest.m */; };
		5AD50E5D19FFFA69001AFF2B /* ASICloudFilesCDNRequest.m in Sources */ = {isa = PBXBuildFile; fileRef = 5AD50E1B19FFFA69001AFF2B /* ASICloudFilesCDNRequest.m */; };
		5AD50E5E19FFFA69001AFF2B /* ASICloudFilesContainer.m in Sources */ = {isa = PBXBuildFile; fileRef = 5AD50E1D19FFFA69001AFF2B /* ASICloudFilesContainer.m */; };
		5AD50E5F19FFFA69001AFF2B /* ASICloudFilesContainerRequest.m in Sources */ = {isa = PBXBuildFile; fileRef = 5AD50E1F19FFFA69001AFF2B /* ASICloudFilesContainerRequest.m */; };
		5AD50E6019FFFA69001AFF2B /* ASICloudFilesContainerXMLParserDelegate.m in Sources */ = {isa = PBXBuildFile; fileRef = 5AD50E2119FFFA69001AFF2B /* ASICloudFilesContainerXMLParserDelegate.m */; };
		5AD50E6119FFFA69001AFF2B /* ASICloudFilesObject.m in Sources */ = {isa = PBXBuildFile; fileRef = 5AD50E2319FFFA69001AFF2B /* ASICloudFilesObject.m */; };
		5AD50E6219FFFA69001AFF2B /* ASICloudFilesObjectRequest.m in Sources */ = {isa = PBXBuildFile; fileRef = 5AD50E2519FFFA69001AFF2B /* ASICloudFilesObjectRequest.m */; };
		5AD50E6319FFFA69001AFF2B /* ASICloudFilesRequest.m in Sources */ = {isa = PBXBuildFile; fileRef = 5AD50E2719FFFA69001AFF2B /* ASICloudFilesRequest.m */; };
		5AD50E6419FFFA69001AFF2B /* ASIS3Bucket.m in Sources */ = {isa = PBXBuildFile; fileRef = 5AD50E2B19FFFA69001AFF2B /* ASIS3Bucket.m */; };
		5AD50E6519FFFA69001AFF2B /* ASIS3BucketObject.m in Sources */ = {isa = PBXBuildFile; fileRef = 5AD50E2D19FFFA69001AFF2B /* ASIS3BucketObject.m */; };
		5AD50E6619FFFA69001AFF2B /* ASIS3BucketRequest.m in Sources */ = {isa = PBXBuildFile; fileRef = 5AD50E2F19FFFA69001AFF2B /* ASIS3BucketRequest.m */; };
		5AD50E6719FFFA69001AFF2B /* ASIS3ObjectRequest.m in Sources */ = {isa = PBXBuildFile; fileRef = 5AD50E3119FFFA69001AFF2B /* ASIS3ObjectRequest.m */; };
		5AD50E6819FFFA69001AFF2B /* ASIS3Request.m in Sources */ = {isa = PBXBuildFile; fileRef = 5AD50E3319FFFA69001AFF2B /* ASIS3Request.m */; };
		5AD50E6919FFFA69001AFF2B /* ASIS3ServiceRequest.m in Sources */ = {isa = PBXBuildFile; fileRef = 5AD50E3519FFFA69001AFF2B /* ASIS3ServiceRequest.m */; };
		5AD50E6A19FFFA69001AFF2B /* ASICloudFilesRequestTests.m in Sources */ = {isa = PBXBuildFile; fileRef = 5AD50E3819FFFA69001AFF2B /* ASICloudFilesRequestTests.m */; };
		5AD50E6B19FFFA69001AFF2B /* ASIDataCompressorTests.m in Sources */ = {isa = PBXBuildFile; fileRef = 5AD50E3A19FFFA69001AFF2B /* ASIDataCompressorTests.m */; };
		5AD50E6C19FFFA69001AFF2B /* ASIDownloadCacheTests.m in Sources */ = {isa = PBXBuildFile; fileRef = 5AD50E3C19FFFA69001AFF2B /* ASIDownloadCacheTests.m */; };
		5AD50E6D19FFFA69001AFF2B /* ASIFormDataRequestTests.m in Sources */ = {isa = PBXBuildFile; fileRef = 5AD50E3E19FFFA69001AFF2B /* ASIFormDataRequestTests.m */; };
		5AD50E6E19FFFA69001AFF2B /* ASIHTTPRequestTests.m in Sources */ = {isa = PBXBuildFile; fileRef = 5AD50E4019FFFA69001AFF2B /* ASIHTTPRequestTests.m */; };
		5AD50E6F19FFFA69001AFF2B /* ASINetworkQueueTests.m in Sources */ = {isa = PBXBuildFile; fileRef = 5AD50E4219FFFA69001AFF2B /* ASINetworkQueueTests.m */; };
		5AD50E7019FFFA69001AFF2B /* ASIS3RequestTests.m in Sources */ = {isa = PBXBuildFile; fileRef = 5AD50E4419FFFA69001AFF2B /* ASIS3RequestTests.m */; };
		5AD50E7119FFFA69001AFF2B /* ASITestCase.m in Sources */ = {isa = PBXBuildFile; fileRef = 5AD50E4619FFFA69001AFF2B /* ASITestCase.m */; };
		5AD50E7219FFFA69001AFF2B /* ASIWebPageRequestTests.m in Sources */ = {isa = PBXBuildFile; fileRef = 5AD50E4819FFFA69001AFF2B /* ASIWebPageRequestTests.m */; };
		5AD50E7319FFFA69001AFF2B /* BlocksTests.m in Sources */ = {isa = PBXBuildFile; fileRef = 5AD50E4A19FFFA69001AFF2B /* BlocksTests.m */; };
		5AD50E7419FFFA69001AFF2B /* ClientCertificateTests.m in Sources */ = {isa = PBXBuildFile; fileRef = 5AD50E4C19FFFA69001AFF2B /* ClientCertificateTests.m */; };
		5AD50E7519FFFA69001AFF2B /* GHUnitTestMain.m in Sources */ = {isa = PBXBuildFile; fileRef = 5AD50E4D19FFFA69001AFF2B /* GHUnitTestMain.m */; };
		5AD50E7619FFFA69001AFF2B /* PerformanceTests.m in Sources */ = {isa = PBXBuildFile; fileRef = 5AD50E4F19FFFA69001AFF2B /* PerformanceTests.m */; };
		5AD50E7719FFFA69001AFF2B /* ProxyTests.m in Sources */ = {isa = PBXBuildFile; fileRef = 5AD50E5119FFFA69001AFF2B /* ProxyTests.m */; };
		5AD50E7819FFFA69001AFF2B /* StressTests.m in Sources */ = {isa = PBXBuildFile; fileRef = 5AD50E5319FFFA69001AFF2B /* StressTests.m */; };
		5AD50E7C19FFFA7F001AFF2B /* Reachability.m in Sources */ = {isa = PBXBuildFile; fileRef = 5AD50E7B19FFFA7F001AFF2B /* Reachability.m */; };
		5AD50E7E19FFFA9B001AFF2B /* CFNetwork.framework in Frameworks */ = {isa = PBXBuildFile; fileRef = 5AD50E7D19FFFA9B001AFF2B /* CFNetwork.framework */; };
		5AD50E8019FFFB0C001AFF2B /* SystemConfiguration.framework in Frameworks */ = {isa = PBXBuildFile; fileRef = 5AD50E7F19FFFB0C001AFF2B /* SystemConfiguration.framework */; };
		5AD50E8219FFFB35001AFF2B /* CoreGraphics.framework in Frameworks */ = {isa = PBXBuildFile; fileRef = 5AD50E8119FFFB35001AFF2B /* CoreGraphics.framework */; };
		5AD50E8419FFFB41001AFF2B /* MobileCoreServices.framework in Frameworks */ = {isa = PBXBuildFile; fileRef = 5AD50E8319FFFB41001AFF2B /* MobileCoreServices.framework */; };
		5AD50E8619FFFB94001AFF2B /* libz.dylib in Frameworks */ = {isa = PBXBuildFile; fileRef = 5AD50E8519FFFB94001AFF2B /* libz.dylib */; };
		5AD50E8C1A000592001AFF2B /* SecondViewController.m in Sources */ = {isa = PBXBuildFile; fileRef = 5AD50E8A1A000592001AFF2B /* SecondViewController.m */; };
		5AD50E8D1A000592001AFF2B /* SecondViewController.xib in Resources */ = {isa = PBXBuildFile; fileRef = 5AD50E8B1A000592001AFF2B /* SecondViewController.xib */; };
/* End PBXBuildFile section */

/* Begin PBXContainerItemProxy section */
		5A5B0A1E19FE93DD00080CAF /* PBXContainerItemProxy */ = {
			isa = PBXContainerItemProxy;
			containerPortal = 5A5B09FC19FE93DD00080CAF /* Project object */;
			proxyType = 1;
			remoteGlobalIDString = 5A5B0A0319FE93DD00080CAF;
			remoteInfo = "博站";
		};
/* End PBXContainerItemProxy section */

/* Begin PBXFileReference section */
		5A5B0A0419FE93DD00080CAF /* 博站.app */ = {isa = PBXFileReference; explicitFileType = wrapper.application; includeInIndex = 0; path = "博站.app"; sourceTree = BUILT_PRODUCTS_DIR; };
		5A5B0A0819FE93DD00080CAF /* Info.plist */ = {isa = PBXFileReference; lastKnownFileType = text.plist.xml; path = Info.plist; sourceTree = "<group>"; };
		5A5B0A0919FE93DD00080CAF /* main.m */ = {isa = PBXFileReference; lastKnownFileType = sourcecode.c.objc; path = main.m; sourceTree = "<group>"; };
		5A5B0A0B19FE93DD00080CAF /* AppDelegate.h */ = {isa = PBXFileReference; lastKnownFileType = sourcecode.c.h; path = AppDelegate.h; sourceTree = "<group>"; };
		5A5B0A0C19FE93DD00080CAF /* AppDelegate.m */ = {isa = PBXFileReference; lastKnownFileType = sourcecode.c.objc; path = AppDelegate.m; sourceTree = "<group>"; };
		5A5B0A0E19FE93DD00080CAF /* ViewController.h */ = {isa = PBXFileReference; lastKnownFileType = sourcecode.c.h; path = ViewController.h; sourceTree = "<group>"; };
		5A5B0A0F19FE93DD00080CAF /* ViewController.m */ = {isa = PBXFileReference; lastKnownFileType = sourcecode.c.objc; path = ViewController.m; sourceTree = "<group>"; };
		5A5B0A1219FE93DD00080CAF /* Base */ = {isa = PBXFileReference; lastKnownFileType = file.storyboard; name = Base; path = Base.lproj/Main.storyboard; sourceTree = "<group>"; };
		5A5B0A1419FE93DD00080CAF /* Images.xcassets */ = {isa = PBXFileReference; lastKnownFileType = folder.assetcatalog; path = Images.xcassets; sourceTree = "<group>"; };
		5A5B0A1719FE93DD00080CAF /* Base */ = {isa = PBXFileReference; lastKnownFileType = file.xib; name = Base; path = Base.lproj/LaunchScreen.xib; sourceTree = "<group>"; };
		5A5B0A1D19FE93DD00080CAF /* 博站Tests.xctest */ = {isa = PBXFileReference; explicitFileType = wrapper.cfbundle; includeInIndex = 0; path = "博站Tests.xctest"; sourceTree = BUILT_PRODUCTS_DIR; };
		5A5B0A2219FE93DD00080CAF /* Info.plist */ = {isa = PBXFileReference; lastKnownFileType = text.plist.xml; path = Info.plist; sourceTree = "<group>"; };
		5A5B0A2319FE93DD00080CAF /* __Tests.m */ = {isa = PBXFileReference; lastKnownFileType = sourcecode.c.objc; path = __Tests.m; sourceTree = "<group>"; };
		5AD50E0219FFFA69001AFF2B /* ASIAuthenticationDialog.h */ = {isa = PBXFileReference; fileEncoding = 4; lastKnownFileType = sourcecode.c.h; path = ASIAuthenticationDialog.h; sourceTree = "<group>"; };
		5AD50E0319FFFA69001AFF2B /* ASIAuthenticationDialog.m */ = {isa = PBXFileReference; fileEncoding = 4; lastKnownFileType = sourcecode.c.objc; path = ASIAuthenticationDialog.m; sourceTree = "<group>"; };
		5AD50E0419FFFA69001AFF2B /* ASICacheDelegate.h */ = {isa = PBXFileReference; fileEncoding = 4; lastKnownFileType = sourcecode.c.h; path = ASICacheDelegate.h; sourceTree = "<group>"; };
		5AD50E0519FFFA69001AFF2B /* ASIDataCompressor.h */ = {isa = PBXFileReference; fileEncoding = 4; lastKnownFileType = sourcecode.c.h; path = ASIDataCompressor.h; sourceTree = "<group>"; };
		5AD50E0619FFFA69001AFF2B /* ASIDataCompressor.m */ = {isa = PBXFileReference; fileEncoding = 4; lastKnownFileType = sourcecode.c.objc; path = ASIDataCompressor.m; sourceTree = "<group>"; };
		5AD50E0719FFFA69001AFF2B /* ASIDataDecompressor.h */ = {isa = PBXFileReference; fileEncoding = 4; lastKnownFileType = sourcecode.c.h; path = ASIDataDecompressor.h; sourceTree = "<group>"; };
		5AD50E0819FFFA69001AFF2B /* ASIDataDecompressor.m */ = {isa = PBXFileReference; fileEncoding = 4; lastKnownFileType = sourcecode.c.objc; path = ASIDataDecompressor.m; sourceTree = "<group>"; };
		5AD50E0919FFFA69001AFF2B /* ASIDownloadCache.h */ = {isa = PBXFileReference; fileEncoding = 4; lastKnownFileType = sourcecode.c.h; path = ASIDownloadCache.h; sourceTree = "<group>"; };
		5AD50E0A19FFFA69001AFF2B /* ASIDownloadCache.m */ = {isa = PBXFileReference; fileEncoding = 4; lastKnownFileType = sourcecode.c.objc; path = ASIDownloadCache.m; sourceTree = "<group>"; };
		5AD50E0B19FFFA69001AFF2B /* ASIFormDataRequest.h */ = {isa = PBXFileReference; fileEncoding = 4; lastKnownFileType = sourcecode.c.h; path = ASIFormDataRequest.h; sourceTree = "<group>"; };
		5AD50E0C19FFFA69001AFF2B /* ASIFormDataRequest.m */ = {isa = PBXFileReference; fileEncoding = 4; lastKnownFileType = sourcecode.c.objc; path = ASIFormDataRequest.m; sourceTree = "<group>"; };
		5AD50E0D19FFFA69001AFF2B /* ASIHTTPRequest.h */ = {isa = PBXFileReference; fileEncoding = 4; lastKnownFileType = sourcecode.c.h; path = ASIHTTPRequest.h; sourceTree = "<group>"; };
		5AD50E0E19FFFA69001AFF2B /* ASIHTTPRequest.m */ = {isa = PBXFileReference; fileEncoding = 4; lastKnownFileType = sourcecode.c.objc; path = ASIHTTPRequest.m; sourceTree = "<group>"; };
		5AD50E0F19FFFA69001AFF2B /* ASIHTTPRequestConfig.h */ = {isa = PBXFileReference; fileEncoding = 4; lastKnownFileType = sourcecode.c.h; path = ASIHTTPRequestConfig.h; sourceTree = "<group>"; };
		5AD50E1019FFFA69001AFF2B /* ASIHTTPRequestDelegate.h */ = {isa = PBXFileReference; fileEncoding = 4; lastKnownFileType = sourcecode.c.h; path = ASIHTTPRequestDelegate.h; sourceTree = "<group>"; };
		5AD50E1119FFFA69001AFF2B /* ASIInputStream.h */ = {isa = PBXFileReference; fileEncoding = 4; lastKnownFileType = sourcecode.c.h; path = ASIInputStream.h; sourceTree = "<group>"; };
		5AD50E1219FFFA69001AFF2B /* ASIInputStream.m */ = {isa = PBXFileReference; fileEncoding = 4; lastKnownFileType = sourcecode.c.objc; path = ASIInputStream.m; sourceTree = "<group>"; };
		5AD50E1319FFFA69001AFF2B /* ASINetworkQueue.h */ = {isa = PBXFileReference; fileEncoding = 4; lastKnownFileType = sourcecode.c.h; path = ASINetworkQueue.h; sourceTree = "<group>"; };
		5AD50E1419FFFA69001AFF2B /* ASINetworkQueue.m */ = {isa = PBXFileReference; fileEncoding = 4; lastKnownFileType = sourcecode.c.objc; path = ASINetworkQueue.m; sourceTree = "<group>"; };
		5AD50E1519FFFA69001AFF2B /* ASIProgressDelegate.h */ = {isa = PBXFileReference; fileEncoding = 4; lastKnownFileType = sourcecode.c.h; path = ASIProgressDelegate.h; sourceTree = "<group>"; };
		5AD50E1719FFFA69001AFF2B /* ASIWebPageRequest.h */ = {isa = PBXFileReference; fileEncoding = 4; lastKnownFileType = sourcecode.c.h; path = ASIWebPageRequest.h; sourceTree = "<group>"; };
		5AD50E1819FFFA69001AFF2B /* ASIWebPageRequest.m */ = {isa = PBXFileReference; fileEncoding = 4; lastKnownFileType = sourcecode.c.objc; path = ASIWebPageRequest.m; sourceTree = "<group>"; };
		5AD50E1A19FFFA69001AFF2B /* ASICloudFilesCDNRequest.h */ = {isa = PBXFileReference; fileEncoding = 4; lastKnownFileType = sourcecode.c.h; path = ASICloudFilesCDNRequest.h; sourceTree = "<group>"; };
		5AD50E1B19FFFA69001AFF2B /* ASICloudFilesCDNRequest.m */ = {isa = PBXFileReference; fileEncoding = 4; lastKnownFileType = sourcecode.c.objc; path = ASICloudFilesCDNRequest.m; sourceTree = "<group>"; };
		5AD50E1C19FFFA69001AFF2B /* ASICloudFilesContainer.h */ = {isa = PBXFileReference; fileEncoding = 4; lastKnownFileType = sourcecode.c.h; path = ASICloudFilesContainer.h; sourceTree = "<group>"; };
		5AD50E1D19FFFA69001AFF2B /* ASICloudFilesContainer.m */ = {isa = PBXFileReference; fileEncoding = 4; lastKnownFileType = sourcecode.c.objc; path = ASICloudFilesContainer.m; sourceTree = "<group>"; };
		5AD50E1E19FFFA69001AFF2B /* ASICloudFilesContainerRequest.h */ = {isa = PBXFileReference; fileEncoding = 4; lastKnownFileType = sourcecode.c.h; path = ASICloudFilesContainerRequest.h; sourceTree = "<group>"; };
		5AD50E1F19FFFA69001AFF2B /* ASICloudFilesContainerRequest.m */ = {isa = PBXFileReference; fileEncoding = 4; lastKnownFileType = sourcecode.c.objc; path = ASICloudFilesContainerRequest.m; sourceTree = "<group>"; };
		5AD50E2019FFFA69001AFF2B /* ASICloudFilesContainerXMLParserDelegate.h */ = {isa = PBXFileReference; fileEncoding = 4; lastKnownFileType = sourcecode.c.h; path = ASICloudFilesContainerXMLParserDelegate.h; sourceTree = "<group>"; };
		5AD50E2119FFFA69001AFF2B /* ASICloudFilesContainerXMLParserDelegate.m */ = {isa = PBXFileReference; fileEncoding = 4; lastKnownFileType = sourcecode.c.objc; path = ASICloudFilesContainerXMLParserDelegate.m; sourceTree = "<group>"; };
		5AD50E2219FFFA69001AFF2B /* ASICloudFilesObject.h */ = {isa = PBXFileReference; fileEncoding = 4; lastKnownFileType = sourcecode.c.h; path = ASICloudFilesObject.h; sourceTree = "<group>"; };
		5AD50E2319FFFA69001AFF2B /* ASICloudFilesObject.m */ = {isa = PBXFileReference; fileEncoding = 4; lastKnownFileType = sourcecode.c.objc; path = ASICloudFilesObject.m; sourceTree = "<group>"; };
		5AD50E2419FFFA69001AFF2B /* ASICloudFilesObjectRequest.h */ = {isa = PBXFileReference; fileEncoding = 4; lastKnownFileType = sourcecode.c.h; path = ASICloudFilesObjectRequest.h; sourceTree = "<group>"; };
		5AD50E2519FFFA69001AFF2B /* ASICloudFilesObjectRequest.m */ = {isa = PBXFileReference; fileEncoding = 4; lastKnownFileType = sourcecode.c.objc; path = ASICloudFilesObjectRequest.m; sourceTree = "<group>"; };
		5AD50E2619FFFA69001AFF2B /* ASICloudFilesRequest.h */ = {isa = PBXFileReference; fileEncoding = 4; lastKnownFileType = sourcecode.c.h; path = ASICloudFilesRequest.h; sourceTree = "<group>"; };
		5AD50E2719FFFA69001AFF2B /* ASICloudFilesRequest.m */ = {isa = PBXFileReference; fileEncoding = 4; lastKnownFileType = sourcecode.c.objc; path = ASICloudFilesRequest.m; sourceTree = "<group>"; };
		5AD50E2919FFFA69001AFF2B /* ASINSXMLParserCompat.h */ = {isa = PBXFileReference; fileEncoding = 4; lastKnownFileType = sourcecode.c.h; path = ASINSXMLParserCompat.h; sourceTree = "<group>"; };
		5AD50E2A19FFFA69001AFF2B /* ASIS3Bucket.h */ = {isa = PBXFileReference; fileEncoding = 4; lastKnownFileType = sourcecode.c.h; path = ASIS3Bucket.h; sourceTree = "<group>"; };
		5AD50E2B19FFFA69001AFF2B /* ASIS3Bucket.m */ = {isa = PBXFileReference; fileEncoding = 4; lastKnownFileType = sourcecode.c.objc; path = ASIS3Bucket.m; sourceTree = "<group>"; };
		5AD50E2C19FFFA69001AFF2B /* ASIS3BucketObject.h */ = {isa = PBXFileReference; fileEncoding = 4; lastKnownFileType = sourcecode.c.h; path = ASIS3BucketObject.h; sourceTree = "<group>"; };
		5AD50E2D19FFFA69001AFF2B /* ASIS3BucketObject.m */ = {isa = PBXFileReference; fileEncoding = 4; lastKnownFileType = sourcecode.c.objc; path = ASIS3BucketObject.m; sourceTree = "<group>"; };
		5AD50E2E19FFFA69001AFF2B /* ASIS3BucketRequest.h */ = {isa = PBXFileReference; fileEncoding = 4; lastKnownFileType = sourcecode.c.h; path = ASIS3BucketRequest.h; sourceTree = "<group>"; };
		5AD50E2F19FFFA69001AFF2B /* ASIS3BucketRequest.m */ = {isa = PBXFileReference; fileEncoding = 4; lastKnownFileType = sourcecode.c.objc; path = ASIS3BucketRequest.m; sourceTree = "<group>"; };
		5AD50E3019FFFA69001AFF2B /* ASIS3ObjectRequest.h */ = {isa = PBXFileReference; fileEncoding = 4; lastKnownFileType = sourcecode.c.h; path = ASIS3ObjectRequest.h; sourceTree = "<group>"; };
		5AD50E3119FFFA69001AFF2B /* ASIS3ObjectRequest.m */ = {isa = PBXFileReference; fileEncoding = 4; lastKnownFileType = sourcecode.c.objc; path = ASIS3ObjectRequest.m; sourceTree = "<group>"; };
		5AD50E3219FFFA69001AFF2B /* ASIS3Request.h */ = {isa = PBXFileReference; fileEncoding = 4; lastKnownFileType = sourcecode.c.h; path = ASIS3Request.h; sourceTree = "<group>"; };
		5AD50E3319FFFA69001AFF2B /* ASIS3Request.m */ = {isa = PBXFileReference; fileEncoding = 4; lastKnownFileType = sourcecode.c.objc; path = ASIS3Request.m; sourceTree = "<group>"; };
		5AD50E3419FFFA69001AFF2B /* ASIS3ServiceRequest.h */ = {isa = PBXFileReference; fileEncoding = 4; lastKnownFileType = sourcecode.c.h; path = ASIS3ServiceRequest.h; sourceTree = "<group>"; };
		5AD50E3519FFFA69001AFF2B /* ASIS3ServiceRequest.m */ = {isa = PBXFileReference; fileEncoding = 4; lastKnownFileType = sourcecode.c.objc; path = ASIS3ServiceRequest.m; sourceTree = "<group>"; };
		5AD50E3719FFFA69001AFF2B /* ASICloudFilesRequestTests.h */ = {isa = PBXFileReference; fileEncoding = 4; lastKnownFileType = sourcecode.c.h; path = ASICloudFilesRequestTests.h; sourceTree = "<group>"; };
		5AD50E3819FFFA69001AFF2B /* ASICloudFilesRequestTests.m */ = {isa = PBXFileReference; fileEncoding = 4; lastKnownFileType = sourcecode.c.objc; path = ASICloudFilesRequestTests.m; sourceTree = "<group>"; };
		5AD50E3919FFFA69001AFF2B /* ASIDataCompressorTests.h */ = {isa = PBXFileReference; fileEncoding = 4; lastKnownFileType = sourcecode.c.h; path = ASIDataCompressorTests.h; sourceTree = "<group>"; };
		5AD50E3A19FFFA69001AFF2B /* ASIDataCompressorTests.m */ = {isa = PBXFileReference; fileEncoding = 4; lastKnownFileType = sourcecode.c.objc; path = ASIDataCompressorTests.m; sourceTree = "<group>"; };
		5AD50E3B19FFFA69001AFF2B /* ASIDownloadCacheTests.h */ = {isa = PBXFileReference; fileEncoding = 4; lastKnownFileType = sourcecode.c.h; path = ASIDownloadCacheTests.h; sourceTree = "<group>"; };
		5AD50E3C19FFFA69001AFF2B /* ASIDownloadCacheTests.m */ = {isa = PBXFileReference; fileEncoding = 4; lastKnownFileType = sourcecode.c.objc; path = ASIDownloadCacheTests.m; sourceTree = "<group>"; };
		5AD50E3D19FFFA69001AFF2B /* ASIFormDataRequestTests.h */ = {isa = PBXFileReference; fileEncoding = 4; lastKnownFileType = sourcecode.c.h; path = ASIFormDataRequestTests.h; sourceTree = "<group>"; };
		5AD50E3E19FFFA69001AFF2B /* ASIFormDataRequestTests.m */ = {isa = PBXFileReference; fileEncoding = 4; lastKnownFileType = sourcecode.c.objc; path = ASIFormDataRequestTests.m; sourceTree = "<group>"; };
		5AD50E3F19FFFA69001AFF2B /* ASIHTTPRequestTests.h */ = {isa = PBXFileReference; fileEncoding = 4; lastKnownFileType = sourcecode.c.h; path = ASIHTTPRequestTests.h; sourceTree = "<group>"; };
		5AD50E4019FFFA69001AFF2B /* ASIHTTPRequestTests.m */ = {isa = PBXFileReference; fileEncoding = 4; lastKnownFileType = sourcecode.c.objc; path = ASIHTTPRequestTests.m; sourceTree = "<group>"; };
		5AD50E4119FFFA69001AFF2B /* ASINetworkQueueTests.h */ = {isa = PBXFileReference; fileEncoding = 4; lastKnownFileType = sourcecode.c.h; path = ASINetworkQueueTests.h; sourceTree = "<group>"; };
		5AD50E4219FFFA69001AFF2B /* ASINetworkQueueTests.m */ = {isa = PBXFileReference; fileEncoding = 4; lastKnownFileType = sourcecode.c.objc; path = ASINetworkQueueTests.m; sourceTree = "<group>"; };
		5AD50E4319FFFA69001AFF2B /* ASIS3RequestTests.h */ = {isa = PBXFileReference; fileEncoding = 4; lastKnownFileType = sourcecode.c.h; path = ASIS3RequestTests.h; sourceTree = "<group>"; };
		5AD50E4419FFFA69001AFF2B /* ASIS3RequestTests.m */ = {isa = PBXFileReference; fileEncoding = 4; lastKnownFileType = sourcecode.c.objc; path = ASIS3RequestTests.m; sourceTree = "<group>"; };
		5AD50E4519FFFA69001AFF2B /* ASITestCase.h */ = {isa = PBXFileReference; fileEncoding = 4; lastKnownFileType = sourcecode.c.h; path = ASITestCase.h; sourceTree = "<group>"; };
		5AD50E4619FFFA69001AFF2B /* ASITestCase.m */ = {isa = PBXFileReference; fileEncoding = 4; lastKnownFileType = sourcecode.c.objc; path = ASITestCase.m; sourceTree = "<group>"; };
		5AD50E4719FFFA69001AFF2B /* ASIWebPageRequestTests.h */ = {isa = PBXFileReference; fileEncoding = 4; lastKnownFileType = sourcecode.c.h; path = ASIWebPageRequestTests.h; sourceTree = "<group>"; };
		5AD50E4819FFFA69001AFF2B /* ASIWebPageRequestTests.m */ = {isa = PBXFileReference; fileEncoding = 4; lastKnownFileType = sourcecode.c.objc; path = ASIWebPageRequestTests.m; sourceTree = "<group>"; };
		5AD50E4919FFFA69001AFF2B /* BlocksTests.h */ = {isa = PBXFileReference; fileEncoding = 4; lastKnownFileType = sourcecode.c.h; path = BlocksTests.h; sourceTree = "<group>"; };
		5AD50E4A19FFFA69001AFF2B /* BlocksTests.m */ = {isa = PBXFileReference; fileEncoding = 4; lastKnownFileType = sourcecode.c.objc; path = BlocksTests.m; sourceTree = "<group>"; };
		5AD50E4B19FFFA69001AFF2B /* ClientCertificateTests.h */ = {isa = PBXFileReference; fileEncoding = 4; lastKnownFileType = sourcecode.c.h; path = ClientCertificateTests.h; sourceTree = "<group>"; };
		5AD50E4C19FFFA69001AFF2B /* ClientCertificateTests.m */ = {isa = PBXFileReference; fileEncoding = 4; lastKnownFileType = sourcecode.c.objc; path = ClientCertificateTests.m; sourceTree = "<group>"; };
		5AD50E4D19FFFA69001AFF2B /* GHUnitTestMain.m */ = {isa = PBXFileReference; fileEncoding = 4; lastKnownFileType = sourcecode.c.objc; path = GHUnitTestMain.m; sourceTree = "<group>"; };
		5AD50E4E19FFFA69001AFF2B /* PerformanceTests.h */ = {isa = PBXFileReference; fileEncoding = 4; lastKnownFileType = sourcecode.c.h; path = PerformanceTests.h; sourceTree = "<group>"; };
		5AD50E4F19FFFA69001AFF2B /* PerformanceTests.m */ = {isa = PBXFileReference; fileEncoding = 4; lastKnownFileType = sourcecode.c.objc; path = PerformanceTests.m; sourceTree = "<group>"; };
		5AD50E5019FFFA69001AFF2B /* ProxyTests.h */ = {isa = PBXFileReference; fileEncoding = 4; lastKnownFileType = sourcecode.c.h; path = ProxyTests.h; sourceTree = "<group>"; };
		5AD50E5119FFFA69001AFF2B /* ProxyTests.m */ = {isa = PBXFileReference; fileEncoding = 4; lastKnownFileType = sourcecode.c.objc; path = ProxyTests.m; sourceTree = "<group>"; };
		5AD50E5219FFFA69001AFF2B /* StressTests.h */ = {isa = PBXFileReference; fileEncoding = 4; lastKnownFileType = sourcecode.c.h; path = StressTests.h; sourceTree = "<group>"; };
		5AD50E5319FFFA69001AFF2B /* StressTests.m */ = {isa = PBXFileReference; fileEncoding = 4; lastKnownFileType = sourcecode.c.objc; path = StressTests.m; sourceTree = "<group>"; };
		5AD50E7A19FFFA7F001AFF2B /* Reachability.h */ = {isa = PBXFileReference; fileEncoding = 4; lastKnownFileType = sourcecode.c.h; path = Reachability.h; sourceTree = "<group>"; };
		5AD50E7B19FFFA7F001AFF2B /* Reachability.m */ = {isa = PBXFileReference; fileEncoding = 4; lastKnownFileType = sourcecode.c.objc; path = Reachability.m; sourceTree = "<group>"; };
		5AD50E7D19FFFA9B001AFF2B /* CFNetwork.framework */ = {isa = PBXFileReference; lastKnownFileType = wrapper.framework; name = CFNetwork.framework; path = System/Library/Frameworks/CFNetwork.framework; sourceTree = SDKROOT; };
		5AD50E7F19FFFB0C001AFF2B /* SystemConfiguration.framework */ = {isa = PBXFileReference; lastKnownFileType = wrapper.framework; name = SystemConfiguration.framework; path = System/Library/Frameworks/SystemConfiguration.framework; sourceTree = SDKROOT; };
		5AD50E8119FFFB35001AFF2B /* CoreGraphics.framework */ = {isa = PBXFileReference; lastKnownFileType = wrapper.framework; name = CoreGraphics.framework; path = System/Library/Frameworks/CoreGraphics.framework; sourceTree = SDKROOT; };
		5AD50E8319FFFB41001AFF2B /* MobileCoreServices.framework */ = {isa = PBXFileReference; lastKnownFileType = wrapper.framework; name = MobileCoreServices.framework; path = System/Library/Frameworks/MobileCoreServices.framework; sourceTree = SDKROOT; };
		5AD50E8519FFFB94001AFF2B /* libz.dylib */ = {isa = PBXFileReference; lastKnownFileType = "compiled.mach-o.dylib"; name = libz.dylib; path = usr/lib/libz.dylib; sourceTree = SDKROOT; };
		5AD50E891A000592001AFF2B /* SecondViewController.h */ = {isa = PBXFileReference; fileEncoding = 4; lastKnownFileType = sourcecode.c.h; path = SecondViewController.h; sourceTree = "<group>"; };
		5AD50E8A1A000592001AFF2B /* SecondViewController.m */ = {isa = PBXFileReference; fileEncoding = 4; lastKnownFileType = sourcecode.c.objc; path = SecondViewController.m; sourceTree = "<group>"; };
		5AD50E8B1A000592001AFF2B /* SecondViewController.xib */ = {isa = PBXFileReference; fileEncoding = 4; lastKnownFileType = file.xib; path = SecondViewController.xib; sourceTree = "<group>"; };
/* End PBXFileReference section */

/* Begin PBXFrameworksBuildPhase section */
		5A5B0A0119FE93DD00080CAF /* Frameworks */ = {
			isa = PBXFrameworksBuildPhase;
			buildActionMask = 2147483647;
			files = (
				5AD50E8619FFFB94001AFF2B /* libz.dylib in Frameworks */,
				5AD50E8419FFFB41001AFF2B /* MobileCoreServices.framework in Frameworks */,
				5AD50E8219FFFB35001AFF2B /* CoreGraphics.framework in Frameworks */,
				5AD50E8019FFFB0C001AFF2B /* SystemConfiguration.framework in Frameworks */,
				5AD50E7E19FFFA9B001AFF2B /* CFNetwork.framework in Frameworks */,
			);
			runOnlyForDeploymentPostprocessing = 0;
		};
		5A5B0A1A19FE93DD00080CAF /* Frameworks */ = {
			isa = PBXFrameworksBuildPhase;
			buildActionMask = 2147483647;
			files = (
			);
			runOnlyForDeploymentPostprocessing = 0;
		};
/* End PBXFrameworksBuildPhase section */

/* Begin PBXGroup section */
		5A5B09FB19FE93DD00080CAF = {
			isa = PBXGroup;
			children = (
				5AD50E8519FFFB94001AFF2B /* libz.dylib */,
				5AD50E8319FFFB41001AFF2B /* MobileCoreServices.framework */,
				5AD50E8119FFFB35001AFF2B /* CoreGraphics.framework */,
				5AD50E7F19FFFB0C001AFF2B /* SystemConfiguration.framework */,
				5A5B0A0619FE93DD00080CAF /* 博站 */,
				5A5B0A2019FE93DD00080CAF /* 博站Tests */,
				5A5B0A0519FE93DD00080CAF /* Products */,
			);
			sourceTree = "<group>";
		};
		5A5B0A0519FE93DD00080CAF /* Products */ = {
			isa = PBXGroup;
			children = (
				5A5B0A0419FE93DD00080CAF /* 博站.app */,
				5A5B0A1D19FE93DD00080CAF /* 博站Tests.xctest */,
			);
			name = Products;
			sourceTree = "<group>";
		};
		5A5B0A0619FE93DD00080CAF /* 博站 */ = {
			isa = PBXGroup;
			children = (
				5AD50E0119FFFA69001AFF2B /* Classes */,
				5A5B0A0B19FE93DD00080CAF /* AppDelegate.h */,
				5A5B0A0C19FE93DD00080CAF /* AppDelegate.m */,
				5A5B0A0E19FE93DD00080CAF /* ViewController.h */,
				5A5B0A0F19FE93DD00080CAF /* ViewController.m */,
				5A5B0A1119FE93DD00080CAF /* Main.storyboard */,
				5AD50E891A000592001AFF2B /* SecondViewController.h */,
				5AD50E8A1A000592001AFF2B /* SecondViewController.m */,
				5AD50E8B1A000592001AFF2B /* SecondViewController.xib */,
				5A5B0A1419FE93DD00080CAF /* Images.xcassets */,
				5A5B0A1619FE93DD00080CAF /* LaunchScreen.xib */,
				5AD50E7D19FFFA9B001AFF2B /* CFNetwork.framework */,
				5A5B0A0719FE93DD00080CAF /* Supporting Files */,
			);
			path = "博站";
			sourceTree = "<group>";
		};
		5A5B0A0719FE93DD00080CAF /* Supporting Files */ = {
			isa = PBXGroup;
			children = (
				5A5B0A0819FE93DD00080CAF /* Info.plist */,
				5A5B0A0919FE93DD00080CAF /* main.m */,
			);
			name = "Supporting Files";
			sourceTree = "<group>";
		};
		5A5B0A2019FE93DD00080CAF /* 博站Tests */ = {
			isa = PBXGroup;
			children = (
				5A5B0A2319FE93DD00080CAF /* __Tests.m */,
				5A5B0A2119FE93DD00080CAF /* Supporting Files */,
			);
			path = "博站Tests";
			sourceTree = "<group>";
		};
		5A5B0A2119FE93DD00080CAF /* Supporting Files */ = {
			isa = PBXGroup;
			children = (
				5A5B0A2219FE93DD00080CAF /* Info.plist */,
			);
			name = "Supporting Files";
			sourceTree = "<group>";
		};
		5AD50E0119FFFA69001AFF2B /* Classes */ = {
			isa = PBXGroup;
			children = (
				5AD50E7919FFFA7F001AFF2B /* Reachability */,
				5AD50E0219FFFA69001AFF2B /* ASIAuthenticationDialog.h */,
				5AD50E0319FFFA69001AFF2B /* ASIAuthenticationDialog.m */,
				5AD50E0419FFFA69001AFF2B /* ASICacheDelegate.h */,
				5AD50E0519FFFA69001AFF2B /* ASIDataCompressor.h */,
				5AD50E0619FFFA69001AFF2B /* ASIDataCompressor.m */,
				5AD50E0719FFFA69001AFF2B /* ASIDataDecompressor.h */,
				5AD50E0819FFFA69001AFF2B /* ASIDataDecompressor.m */,
				5AD50E0919FFFA69001AFF2B /* ASIDownloadCache.h */,
				5AD50E0A19FFFA69001AFF2B /* ASIDownloadCache.m */,
				5AD50E0B19FFFA69001AFF2B /* ASIFormDataRequest.h */,
				5AD50E0C19FFFA69001AFF2B /* ASIFormDataRequest.m */,
				5AD50E0D19FFFA69001AFF2B /* ASIHTTPRequest.h */,
				5AD50E0E19FFFA69001AFF2B /* ASIHTTPRequest.m */,
				5AD50E0F19FFFA69001AFF2B /* ASIHTTPRequestConfig.h */,
				5AD50E1019FFFA69001AFF2B /* ASIHTTPRequestDelegate.h */,
				5AD50E1119FFFA69001AFF2B /* ASIInputStream.h */,
				5AD50E1219FFFA69001AFF2B /* ASIInputStream.m */,
				5AD50E1319FFFA69001AFF2B /* ASINetworkQueue.h */,
				5AD50E1419FFFA69001AFF2B /* ASINetworkQueue.m */,
				5AD50E1519FFFA69001AFF2B /* ASIProgressDelegate.h */,
				5AD50E1619FFFA69001AFF2B /* ASIWebPageRequest */,
				5AD50E1919FFFA69001AFF2B /* CloudFiles */,
				5AD50E2819FFFA69001AFF2B /* S3 */,
				5AD50E3619FFFA69001AFF2B /* Tests */,
			);
			path = Classes;
			sourceTree = "<group>";
		};
		5AD50E1619FFFA69001AFF2B /* ASIWebPageRequest */ = {
			isa = PBXGroup;
			children = (
				5AD50E1719FFFA69001AFF2B /* ASIWebPageRequest.h */,
				5AD50E1819FFFA69001AFF2B /* ASIWebPageRequest.m */,
			);
			path = ASIWebPageRequest;
			sourceTree = "<group>";
		};
		5AD50E1919FFFA69001AFF2B /* CloudFiles */ = {
			isa = PBXGroup;
			children = (
				5AD50E1A19FFFA69001AFF2B /* ASICloudFilesCDNRequest.h */,
				5AD50E1B19FFFA69001AFF2B /* ASICloudFilesCDNRequest.m */,
				5AD50E1C19FFFA69001AFF2B /* ASICloudFilesContainer.h */,
				5AD50E1D19FFFA69001AFF2B /* ASICloudFilesContainer.m */,
				5AD50E1E19FFFA69001AFF2B /* ASICloudFilesContainerRequest.h */,
				5AD50E1F19FFFA69001AFF2B /* ASICloudFilesContainerRequest.m */,
				5AD50E2019FFFA69001AFF2B /* ASICloudFilesContainerXMLParserDelegate.h */,
				5AD50E2119FFFA69001AFF2B /* ASICloudFilesContainerXMLParserDelegate.m */,
				5AD50E2219FFFA69001AFF2B /* ASICloudFilesObject.h */,
				5AD50E2319FFFA69001AFF2B /* ASICloudFilesObject.m */,
				5AD50E2419FFFA69001AFF2B /* ASICloudFilesObjectRequest.h */,
				5AD50E2519FFFA69001AFF2B /* ASICloudFilesObjectRequest.m */,
				5AD50E2619FFFA69001AFF2B /* ASICloudFilesRequest.h */,
				5AD50E2719FFFA69001AFF2B /* ASICloudFilesRequest.m */,
			);
			path = CloudFiles;
			sourceTree = "<group>";
		};
		5AD50E2819FFFA69001AFF2B /* S3 */ = {
			isa = PBXGroup;
			children = (
				5AD50E2919FFFA69001AFF2B /* ASINSXMLParserCompat.h */,
				5AD50E2A19FFFA69001AFF2B /* ASIS3Bucket.h */,
				5AD50E2B19FFFA69001AFF2B /* ASIS3Bucket.m */,
				5AD50E2C19FFFA69001AFF2B /* ASIS3BucketObject.h */,
				5AD50E2D19FFFA69001AFF2B /* ASIS3BucketObject.m */,
				5AD50E2E19FFFA69001AFF2B /* ASIS3BucketRequest.h */,
				5AD50E2F19FFFA69001AFF2B /* ASIS3BucketRequest.m */,
				5AD50E3019FFFA69001AFF2B /* ASIS3ObjectRequest.h */,
				5AD50E3119FFFA69001AFF2B /* ASIS3ObjectRequest.m */,
				5AD50E3219FFFA69001AFF2B /* ASIS3Request.h */,
				5AD50E3319FFFA69001AFF2B /* ASIS3Request.m */,
				5AD50E3419FFFA69001AFF2B /* ASIS3ServiceRequest.h */,
				5AD50E3519FFFA69001AFF2B /* ASIS3ServiceRequest.m */,
			);
			path = S3;
			sourceTree = "<group>";
		};
		5AD50E3619FFFA69001AFF2B /* Tests */ = {
			isa = PBXGroup;
			children = (
				5AD50E3719FFFA69001AFF2B /* ASICloudFilesRequestTests.h */,
				5AD50E3819FFFA69001AFF2B /* ASICloudFilesRequestTests.m */,
				5AD50E3919FFFA69001AFF2B /* ASIDataCompressorTests.h */,
				5AD50E3A19FFFA69001AFF2B /* ASIDataCompressorTests.m */,
				5AD50E3B19FFFA69001AFF2B /* ASIDownloadCacheTests.h */,
				5AD50E3C19FFFA69001AFF2B /* ASIDownloadCacheTests.m */,
				5AD50E3D19FFFA69001AFF2B /* ASIFormDataRequestTests.h */,
				5AD50E3E19FFFA69001AFF2B /* ASIFormDataRequestTests.m */,
				5AD50E3F19FFFA69001AFF2B /* ASIHTTPRequestTests.h */,
				5AD50E4019FFFA69001AFF2B /* ASIHTTPRequestTests.m */,
				5AD50E4119FFFA69001AFF2B /* ASINetworkQueueTests.h */,
				5AD50E4219FFFA69001AFF2B /* ASINetworkQueueTests.m */,
				5AD50E4319FFFA69001AFF2B /* ASIS3RequestTests.h */,
				5AD50E4419FFFA69001AFF2B /* ASIS3RequestTests.m */,
				5AD50E4519FFFA69001AFF2B /* ASITestCase.h */,
				5AD50E4619FFFA69001AFF2B /* ASITestCase.m */,
				5AD50E4719FFFA69001AFF2B /* ASIWebPageRequestTests.h */,
				5AD50E4819FFFA69001AFF2B /* ASIWebPageRequestTests.m */,
				5AD50E4919FFFA69001AFF2B /* BlocksTests.h */,
				5AD50E4A19FFFA69001AFF2B /* BlocksTests.m */,
				5AD50E4B19FFFA69001AFF2B /* ClientCertificateTests.h */,
				5AD50E4C19FFFA69001AFF2B /* ClientCertificateTests.m */,
				5AD50E4D19FFFA69001AFF2B /* GHUnitTestMain.m */,
				5AD50E4E19FFFA69001AFF2B /* PerformanceTests.h */,
				5AD50E4F19FFFA69001AFF2B /* PerformanceTests.m */,
				5AD50E5019FFFA69001AFF2B /* ProxyTests.h */,
				5AD50E5119FFFA69001AFF2B /* ProxyTests.m */,
				5AD50E5219FFFA69001AFF2B /* StressTests.h */,
				5AD50E5319FFFA69001AFF2B /* StressTests.m */,
			);
			path = Tests;
			sourceTree = "<group>";
		};
		5AD50E7919FFFA7F001AFF2B /* Reachability */ = {
			isa = PBXGroup;
			children = (
				5AD50E7A19FFFA7F001AFF2B /* Reachability.h */,
				5AD50E7B19FFFA7F001AFF2B /* Reachability.m */,
			);
			path = Reachability;
			sourceTree = "<group>";
		};
/* End PBXGroup section */

/* Begin PBXNativeTarget section */
		5A5B0A0319FE93DD00080CAF /* 博站 */ = {
			isa = PBXNativeTarget;
			buildConfigurationList = 5A5B0A2719FE93DD00080CAF /* Build configuration list for PBXNativeTarget "博站" */;
			buildPhases = (
				5A5B0A0019FE93DD00080CAF /* Sources */,
				5A5B0A0119FE93DD00080CAF /* Frameworks */,
				5A5B0A0219FE93DD00080CAF /* Resources */,
			);
			buildRules = (
			);
			dependencies = (
			);
			name = "博站";
			productName = "博站";
			productReference = 5A5B0A0419FE93DD00080CAF /* 博站.app */;
			productType = "com.apple.product-type.application";
		};
		5A5B0A1C19FE93DD00080CAF /* 博站Tests */ = {
			isa = PBXNativeTarget;
			buildConfigurationList = 5A5B0A2A19FE93DD00080CAF /* Build configuration list for PBXNativeTarget "博站Tests" */;
			buildPhases = (
				5A5B0A1919FE93DD00080CAF /* Sources */,
				5A5B0A1A19FE93DD00080CAF /* Frameworks */,
				5A5B0A1B19FE93DD00080CAF /* Resources */,
			);
			buildRules = (
			);
			dependencies = (
				5A5B0A1F19FE93DD00080CAF /* PBXTargetDependency */,
			);
			name = "博站Tests";
			productName = "博站Tests";
			productReference = 5A5B0A1D19FE93DD00080CAF /* 博站Tests.xctest */;
			productType = "com.apple.product-type.bundle.unit-test";
		};
/* End PBXNativeTarget section */

/* Begin PBXProject section */
		5A5B09FC19FE93DD00080CAF /* Project object */ = {
			isa = PBXProject;
			attributes = {
				LastUpgradeCheck = 0610;
				ORGANIZATIONNAME = dotoyo;
				TargetAttributes = {
					5A5B0A0319FE93DD00080CAF = {
						CreatedOnToolsVersion = 6.1;
						DevelopmentTeam = ZF7D56L5SX;
					};
					5A5B0A1C19FE93DD00080CAF = {
						CreatedOnToolsVersion = 6.1;
						TestTargetID = 5A5B0A0319FE93DD00080CAF;
					};
				};
			};
			buildConfigurationList = 5A5B09FF19FE93DD00080CAF /* Build configuration list for PBXProject "博站" */;
			compatibilityVersion = "Xcode 3.2";
			developmentRegion = English;
			hasScannedForEncodings = 0;
			knownRegions = (
				en,
				Base,
			);
			mainGroup = 5A5B09FB19FE93DD00080CAF;
			productRefGroup = 5A5B0A0519FE93DD00080CAF /* Products */;
			projectDirPath = "";
			projectRoot = "";
			targets = (
				5A5B0A0319FE93DD00080CAF /* 博站 */,
				5A5B0A1C19FE93DD00080CAF /* 博站Tests */,
			);
		};
/* End PBXProject section */

/* Begin PBXResourcesBuildPhase section */
		5A5B0A0219FE93DD00080CAF /* Resources */ = {
			isa = PBXResourcesBuildPhase;
			buildActionMask = 2147483647;
			files = (
				5A5B0A1319FE93DD00080CAF /* Main.storyboard in Resources */,
				5A5B0A1819FE93DD00080CAF /* LaunchScreen.xib in Resources */,
				5A5B0A1519FE93DD00080CAF /* Images.xcassets in Resources */,
				5AD50E8D1A000592001AFF2B /* SecondViewController.xib in Resources */,
			);
			runOnlyForDeploymentPostprocessing = 0;
		};
		5A5B0A1B19FE93DD00080CAF /* Resources */ = {
			isa = PBXResourcesBuildPhase;
			buildActionMask = 2147483647;
			files = (
			);
			runOnlyForDeploymentPostprocessing = 0;
		};
/* End PBXResourcesBuildPhase section */

/* Begin PBXSourcesBuildPhase section */
		5A5B0A0019FE93DD00080CAF /* Sources */ = {
			isa = PBXSourcesBuildPhase;
			buildActionMask = 2147483647;
			files = (
				5AD50E5519FFFA69001AFF2B /* ASIDataCompressor.m in Sources */,
				5A5B0A1019FE93DD00080CAF /* ViewController.m in Sources */,
				5AD50E6919FFFA69001AFF2B /* ASIS3ServiceRequest.m in Sources */,
				5AD50E5919FFFA69001AFF2B /* ASIHTTPRequest.m in Sources */,
				5AD50E7619FFFA69001AFF2B /* PerformanceTests.m in Sources */,
				5AD50E6719FFFA69001AFF2B /* ASIS3ObjectRequest.m in Sources */,
				5AD50E5419FFFA69001AFF2B /* ASIAuthenticationDialog.m in Sources */,
				5AD50E7319FFFA69001AFF2B /* BlocksTests.m in Sources */,
				5AD50E6C19FFFA69001AFF2B /* ASIDownloadCacheTests.m in Sources */,
				5AD50E6819FFFA69001AFF2B /* ASIS3Request.m in Sources */,
				5AD50E5D19FFFA69001AFF2B /* ASICloudFilesCDNRequest.m in Sources */,
				5AD50E6F19FFFA69001AFF2B /* ASINetworkQueueTests.m in Sources */,
				5AD50E5819FFFA69001AFF2B /* ASIFormDataRequest.m in Sources */,
				5AD50E7419FFFA69001AFF2B /* ClientCertificateTests.m in Sources */,
				5A5B0A0D19FE93DD00080CAF /* AppDelegate.m in Sources */,
				5AD50E6619FFFA69001AFF2B /* ASIS3BucketRequest.m in Sources */,
				5AD50E7019FFFA69001AFF2B /* ASIS3RequestTests.m in Sources */,
				5AD50E6D19FFFA69001AFF2B /* ASIFormDataRequestTests.m in Sources */,
				5AD50E7219FFFA69001AFF2B /* ASIWebPageRequestTests.m in Sources */,
				5AD50E7719FFFA69001AFF2B /* ProxyTests.m in Sources */,
				5AD50E6019FFFA69001AFF2B /* ASICloudFilesContainerXMLParserDelegate.m in Sources */,
				5AD50E5F19FFFA69001AFF2B /* ASICloudFilesContainerRequest.m in Sources */,
				5AD50E6E19FFFA69001AFF2B /* ASIHTTPRequestTests.m in Sources */,
				5AD50E7819FFFA69001AFF2B /* StressTests.m in Sources */,
				5AD50E8C1A000592001AFF2B /* SecondViewController.m in Sources */,
				5AD50E7119FFFA69001AFF2B /* ASITestCase.m in Sources */,
				5AD50E5A19FFFA69001AFF2B /* ASIInputStream.m in Sources */,
				5AD50E6319FFFA69001AFF2B /* ASICloudFilesRequest.m in Sources */,
				5AD50E6A19FFFA69001AFF2B /* ASICloudFilesRequestTests.m in Sources */,
				5AD50E5C19FFFA69001AFF2B /* ASIWebPageRequest.m in Sources */,
				5AD50E5E19FFFA69001AFF2B /* ASICloudFilesContainer.m in Sources */,
				5AD50E6219FFFA69001AFF2B /* ASICloudFilesObjectRequest.m in Sources */,
				5A5B0A0A19FE93DD00080CAF /* main.m in Sources */,
				5AD50E5B19FFFA69001AFF2B /* ASINetworkQueue.m in Sources */,
				5AD50E6519FFFA69001AFF2B /* ASIS3BucketObject.m in Sources */,
				5AD50E5619FFFA69001AFF2B /* ASIDataDecompressor.m in Sources */,
				5AD50E6B19FFFA69001AFF2B /* ASIDataCompressorTests.m in Sources */,
				5AD50E6419FFFA69001AFF2B /* ASIS3Bucket.m in Sources */,
				5AD50E6119FFFA69001AFF2B /* ASICloudFilesObject.m in Sources */,
				5AD50E5719FFFA69001AFF2B /* ASIDownloadCache.m in Sources */,
				5AD50E7C19FFFA7F001AFF2B /* Reachability.m in Sources */,
				5AD50E7519FFFA69001AFF2B /* GHUnitTestMain.m in Sources */,
			);
			runOnlyForDeploymentPostprocessing = 0;
		};
		5A5B0A1919FE93DD00080CAF /* Sources */ = {
			isa = PBXSourcesBuildPhase;
			buildActionMask = 2147483647;
			files = (
				5A5B0A2419FE93DD00080CAF /* __Tests.m in Sources */,
			);
			runOnlyForDeploymentPostprocessing = 0;
		};
/* End PBXSourcesBuildPhase section */

/* Begin PBXTargetDependency section */
		5A5B0A1F19FE93DD00080CAF /* PBXTargetDependency */ = {
			isa = PBXTargetDependency;
			target = 5A5B0A0319FE93DD00080CAF /* 博站 */;
			targetProxy = 5A5B0A1E19FE93DD00080CAF /* PBXContainerItemProxy */;
		};
/* End PBXTargetDependency section */

/* Begin PBXVariantGroup section */
		5A5B0A1119FE93DD00080CAF /* Main.storyboard */ = {
			isa = PBXVariantGroup;
			children = (
				5A5B0A1219FE93DD00080CAF /* Base */,
			);
			name = Main.storyboard;
			sourceTree = "<group>";
		};
		5A5B0A1619FE93DD00080CAF /* LaunchScreen.xib */ = {
			isa = PBXVariantGroup;
			children = (
				5A5B0A1719FE93DD00080CAF /* Base */,
			);
			name = LaunchScreen.xib;
			sourceTree = "<group>";
		};
/* End PBXVariantGroup section */

/* Begin XCBuildConfiguration section */
		5A5B0A2519FE93DD00080CAF /* Debug */ = {
			isa = XCBuildConfiguration;
			buildSettings = {
				ALWAYS_SEARCH_USER_PATHS = NO;
				CLANG_CXX_LANGUAGE_STANDARD = "gnu++0x";
				CLANG_CXX_LIBRARY = "libc++";
				CLANG_ENABLE_MODULES = YES;
				CLANG_ENABLE_OBJC_ARC = YES;
				CLANG_WARN_BOOL_CONVERSION = YES;
				CLANG_WARN_CONSTANT_CONVERSION = YES;
				CLANG_WARN_DIRECT_OBJC_ISA_USAGE = YES_ERROR;
				CLANG_WARN_EMPTY_BODY = YES;
				CLANG_WARN_ENUM_CONVERSION = YES;
				CLANG_WARN_INT_CONVERSION = YES;
				CLANG_WARN_OBJC_ROOT_CLASS = YES_ERROR;
				CLANG_WARN_UNREACHABLE_CODE = YES;
				CLANG_WARN__DUPLICATE_METHOD_MATCH = YES;
				"CODE_SIGN_IDENTITY[sdk=iphoneos*]" = "iPhone Developer";
				COPY_PHASE_STRIP = NO;
				ENABLE_STRICT_OBJC_MSGSEND = YES;
				GCC_C_LANGUAGE_STANDARD = gnu99;
				GCC_DYNAMIC_NO_PIC = NO;
				GCC_OPTIMIZATION_LEVEL = 0;
				GCC_PREPROCESSOR_DEFINITIONS = (
					"DEBUG=1",
					"$(inherited)",
				);
				GCC_SYMBOLS_PRIVATE_EXTERN = NO;
				GCC_WARN_64_TO_32_BIT_CONVERSION = YES;
				GCC_WARN_ABOUT_RETURN_TYPE = YES_ERROR;
				GCC_WARN_UNDECLARED_SELECTOR = YES;
				GCC_WARN_UNINITIALIZED_AUTOS = YES_AGGRESSIVE;
				GCC_WARN_UNUSED_FUNCTION = YES;
				GCC_WARN_UNUSED_VARIABLE = YES;
				IPHONEOS_DEPLOYMENT_TARGET = 8.1;
				MTL_ENABLE_DEBUG_INFO = YES;
				ONLY_ACTIVE_ARCH = YES;
				SDKROOT = iphoneos;
			};
			name = Debug;
		};
		5A5B0A2619FE93DD00080CAF /* Release */ = {
			isa = XCBuildConfiguration;
			buildSettings = {
				ALWAYS_SEARCH_USER_PATHS = NO;
				CLANG_CXX_LANGUAGE_STANDARD = "gnu++0x";
				CLANG_CXX_LIBRARY = "libc++";
				CLANG_ENABLE_MODULES = YES;
				CLANG_ENABLE_OBJC_ARC = YES;
				CLANG_WARN_BOOL_CONVERSION = YES;
				CLANG_WARN_CONSTANT_CONVERSION = YES;
				CLANG_WARN_DIRECT_OBJC_ISA_USAGE = YES_ERROR;
				CLANG_WARN_EMPTY_BODY = YES;
				CLANG_WARN_ENUM_CONVERSION = YES;
				CLANG_WARN_INT_CONVERSION = YES;
				CLANG_WARN_OBJC_ROOT_CLASS = YES_ERROR;
				CLANG_WARN_UNREACHABLE_CODE = YES;
				CLANG_WARN__DUPLICATE_METHOD_MATCH = YES;
				"CODE_SIGN_IDENTITY[sdk=iphoneos*]" = "iPhone Developer";
				COPY_PHASE_STRIP = YES;
				ENABLE_NS_ASSERTIONS = NO;
				ENABLE_STRICT_OBJC_MSGSEND = YES;
				GCC_C_LANGUAGE_STANDARD = gnu99;
				GCC_WARN_64_TO_32_BIT_CONVERSION = YES;
				GCC_WARN_ABOUT_RETURN_TYPE = YES_ERROR;
				GCC_WARN_UNDECLARED_SELECTOR = YES;
				GCC_WARN_UNINITIALIZED_AUTOS = YES_AGGRESSIVE;
				GCC_WARN_UNUSED_FUNCTION = YES;
				GCC_WARN_UNUSED_VARIABLE = YES;
				IPHONEOS_DEPLOYMENT_TARGET = 8.1;
				MTL_ENABLE_DEBUG_INFO = NO;
				SDKROOT = iphoneos;
				VALIDATE_PRODUCT = YES;
			};
			name = Release;
		};
		5A5B0A2819FE93DD00080CAF /* Debug */ = {
			isa = XCBuildConfiguration;
			buildSettings = {
				ASSETCATALOG_COMPILER_APPICON_NAME = AppIcon;
				CODE_SIGN_IDENTITY = "iPhone Developer";
				INFOPLIST_FILE = "博站/Info.plist";
				LD_RUNPATH_SEARCH_PATHS = "$(inherited) @executable_path/Frameworks";
				PRODUCT_NAME = "$(TARGET_NAME)";
			};
			name = Debug;
		};
		5A5B0A2919FE93DD00080CAF /* Release */ = {
			isa = XCBuildConfiguration;
			buildSettings = {
				ASSETCATALOG_COMPILER_APPICON_NAME = AppIcon;
				CODE_SIGN_IDENTITY = "iPhone Developer";
				"CODE_SIGN_IDENTITY[sdk=*]" = "iPhone Developer";
				INFOPLIST_FILE = "博站/Info.plist";
				LD_RUNPATH_SEARCH_PATHS = "$(inherited) @executable_path/Frameworks";
				PRODUCT_NAME = "$(TARGET_NAME)";
			};
			name = Release;
		};
		5A5B0A2B19FE93DD00080CAF /* Debug */ = {
			isa = XCBuildConfiguration;
			buildSettings = {
				BUNDLE_LOADER = "$(TEST_HOST)";
				FRAMEWORK_SEARCH_PATHS = (
					"$(SDKROOT)/Developer/Library/Frameworks",
					"$(inherited)",
				);
				GCC_PREPROCESSOR_DEFINITIONS = (
					"DEBUG=1",
					"$(inherited)",
				);
				INFOPLIST_FILE = "博站Tests/Info.plist";
				LD_RUNPATH_SEARCH_PATHS = "$(inherited) @executable_path/Frameworks @loader_path/Frameworks";
				PRODUCT_NAME = "$(TARGET_NAME)";
				TEST_HOST = "$(BUILT_PRODUCTS_DIR)/博站.app/博站";
			};
			name = Debug;
		};
		5A5B0A2C19FE93DD00080CAF /* Release */ = {
			isa = XCBuildConfiguration;
			buildSettings = {
				BUNDLE_LOADER = "$(TEST_HOST)";
				FRAMEWORK_SEARCH_PATHS = (
					"$(SDKROOT)/Developer/Library/Frameworks",
					"$(inherited)",
				);
				INFOPLIST_FILE = "博站Tests/Info.plist";
				LD_RUNPATH_SEARCH_PATHS = "$(inherited) @executable_path/Frameworks @loader_path/Frameworks";
				PRODUCT_NAME = "$(TARGET_NAME)";
				TEST_HOST = "$(BUILT_PRODUCTS_DIR)/博站.app/博站";
			};
			name = Release;
		};
/* End XCBuildConfiguration section */

/* Begin XCConfigurationList section */
		5A5B09FF19FE93DD00080CAF /* Build configuration list for PBXProject "博站" */ = {
			isa = XCConfigurationList;
			buildConfigurations = (
				5A5B0A2519FE93DD00080CAF /* Debug */,
				5A5B0A2619FE93DD00080CAF /* Release */,
			);
			defaultConfigurationIsVisible = 0;
			defaultConfigurationName = Release;
		};
		5A5B0A2719FE93DD00080CAF /* Build configuration list for PBXNativeTarget "博站" */ = {
			isa = XCConfigurationList;
			buildConfigurations = (
				5A5B0A2819FE93DD00080CAF /* Debug */,
				5A5B0A2919FE93DD00080CAF /* Release */,
			);
			defaultConfigurationIsVisible = 0;
			defaultConfigurationName = Release;
		};
		5A5B0A2A19FE93DD00080CAF /* Build configuration list for PBXNativeTarget "博站Tests" */ = {
			isa = XCConfigurationList;
			buildConfigurations = (
				5A5B0A2B19FE93DD00080CAF /* Debug */,
				5A5B0A2C19FE93DD00080CAF /* Release */,
			);
			defaultConfigurationIsVisible = 0;
			defaultConfigurationName = Release;
		};
/* End XCConfigurationList section */
	};
	rootObject = 5A5B09FC19FE93DD00080CAF /* Project object */;
}
